// !$*UTF8*$!
{
	archiveVersion = 1;
	classes = {
	};
	objectVersion = 46;
	objects = {

/* Begin PBXBuildFile section */
		528E660D1A13CA6800117A3F /* Constant.m in Sources */ = {isa = PBXBuildFile; fileRef = 528E660C1A13CA6800117A3F /* Constant.m */; };
		528E66101A13CDEF00117A3F /* WKWebViewController.m in Sources */ = {isa = PBXBuildFile; fileRef = 528E660F1A13CDEF00117A3F /* WKWebViewController.m */; };
		528E66531A14222C00117A3F /* LoginViewController.m in Sources */ = {isa = PBXBuildFile; fileRef = 528E66511A14222C00117A3F /* LoginViewController.m */; };
		528E66541A14222C00117A3F /* LoginViewController.xib in Resources */ = {isa = PBXBuildFile; fileRef = 528E66521A14222C00117A3F /* LoginViewController.xib */; };
		52A4DF211A12D982000DD17F /* WebViewViewController.m in Sources */ = {isa = PBXBuildFile; fileRef = 52A4DF201A12D982000DD17F /* WebViewViewController.m */; };
		52B8593B1A12C1F50004C60C /* QuestionCell.m in Sources */ = {isa = PBXBuildFile; fileRef = 52B859391A12C1F50004C60C /* QuestionCell.m */; };
		52B8593C1A12C1F50004C60C /* QuestionCell.xib in Resources */ = {isa = PBXBuildFile; fileRef = 52B8593A1A12C1F50004C60C /* QuestionCell.xib */; };
		52BC76CA1A1169FD001AF99F /* main.m in Sources */ = {isa = PBXBuildFile; fileRef = 52BC76C91A1169FD001AF99F /* main.m */; };
		52BC76CD1A1169FD001AF99F /* AppDelegate.m in Sources */ = {isa = PBXBuildFile; fileRef = 52BC76CC1A1169FD001AF99F /* AppDelegate.m */; };
		52BC76D01A1169FD001AF99F /* StackOverflowClient.xcdatamodeld in Sources */ = {isa = PBXBuildFile; fileRef = 52BC76CE1A1169FD001AF99F /* StackOverflowClient.xcdatamodeld */; };
		52BC76D31A1169FD001AF99F /* ViewController.m in Sources */ = {isa = PBXBuildFile; fileRef = 52BC76D21A1169FD001AF99F /* ViewController.m */; };
		52BC76D61A1169FD001AF99F /* Main.storyboard in Resources */ = {isa = PBXBuildFile; fileRef = 52BC76D41A1169FD001AF99F /* Main.storyboard */; };
		52BC76D81A1169FD001AF99F /* Images.xcassets in Resources */ = {isa = PBXBuildFile; fileRef = 52BC76D71A1169FD001AF99F /* Images.xcassets */; };
		52BC76DB1A1169FD001AF99F /* LaunchScreen.xib in Resources */ = {isa = PBXBuildFile; fileRef = 52BC76D91A1169FD001AF99F /* LaunchScreen.xib */; };
		52BC76E71A1169FD001AF99F /* StackOverflowClientTests.m in Sources */ = {isa = PBXBuildFile; fileRef = 52BC76E61A1169FD001AF99F /* StackOverflowClientTests.m */; };
		52BC76F71A117611001AF99F /* SplitContainerViewController.m in Sources */ = {isa = PBXBuildFile; fileRef = 52BC76F61A117611001AF99F /* SplitContainerViewController.m */; };
		52BC76FA1A1179FE001AF99F /* RootViewController.m in Sources */ = {isa = PBXBuildFile; fileRef = 52BC76F91A1179FE001AF99F /* RootViewController.m */; };
		52BC76FD1A1181E5001AF99F /* QuestionSearchViewController.m in Sources */ = {isa = PBXBuildFile; fileRef = 52BC76FC1A1181E5001AF99F /* QuestionSearchViewController.m */; };
		52BC77001A118AA8001AF99F /* UserSearchViewController.m in Sources */ = {isa = PBXBuildFile; fileRef = 52BC76FF1A118AA8001AF99F /* UserSearchViewController.m */; };
		52BC77031A118CC7001AF99F /* NetworkController.m in Sources */ = {isa = PBXBuildFile; fileRef = 52BC77021A118CC7001AF99F /* NetworkController.m */; };
		52BC77061A1193F5001AF99F /* Question.m in Sources */ = {isa = PBXBuildFile; fileRef = 52BC77051A1193F5001AF99F /* Question.m */; };
		52BC770A1A11943B001AF99F /* Question.JSON in Resources */ = {isa = PBXBuildFile; fileRef = 52BC77091A11943B001AF99F /* Question.JSON */; };
		52BC770D1A119B1B001AF99F /* User.m in Sources */ = {isa = PBXBuildFile; fileRef = 52BC770C1A119B1B001AF99F /* User.m */; };
/* End PBXBuildFile section */

/* Begin PBXContainerItemProxy section */
		52BC76E11A1169FD001AF99F /* PBXContainerItemProxy */ = {
			isa = PBXContainerItemProxy;
			containerPortal = 52BC76BC1A1169FD001AF99F /* Project object */;
			proxyType = 1;
			remoteGlobalIDString = 52BC76C31A1169FD001AF99F;
			remoteInfo = StackOverflowClient;
		};
/* End PBXContainerItemProxy section */

/* Begin PBXFileReference section */
		528E660B1A13CA6800117A3F /* Constant.h */ = {isa = PBXFileReference; fileEncoding = 4; lastKnownFileType = sourcecode.c.h; path = Constant.h; sourceTree = "<group>"; };
		528E660C1A13CA6800117A3F /* Constant.m */ = {isa = PBXFileReference; fileEncoding = 4; lastKnownFileType = sourcecode.c.objc; path = Constant.m; sourceTree = "<group>"; };
		528E660E1A13CDEF00117A3F /* WKWebViewController.h */ = {isa = PBXFileReference; fileEncoding = 4; lastKnownFileType = sourcecode.c.h; path = WKWebViewController.h; sourceTree = "<group>"; };
		528E660F1A13CDEF00117A3F /* WKWebViewController.m */ = {isa = PBXFileReference; fileEncoding = 4; lastKnownFileType = sourcecode.c.objc; path = WKWebViewController.m; sourceTree = "<group>"; };
		528E66501A14222C00117A3F /* LoginViewController.h */ = {isa = PBXFileReference; fileEncoding = 4; lastKnownFileType = sourcecode.c.h; path = LoginViewController.h; sourceTree = "<group>"; };
		528E66511A14222C00117A3F /* LoginViewController.m */ = {isa = PBXFileReference; fileEncoding = 4; lastKnownFileType = sourcecode.c.objc; path = LoginViewController.m; sourceTree = "<group>"; };
		528E66521A14222C00117A3F /* LoginViewController.xib */ = {isa = PBXFileReference; fileEncoding = 4; lastKnownFileType = file.xib; path = LoginViewController.xib; sourceTree = "<group>"; };
		52A4DF1F1A12D982000DD17F /* WebViewViewController.h */ = {isa = PBXFileReference; fileEncoding = 4; lastKnownFileType = sourcecode.c.h; path = WebViewViewController.h; sourceTree = "<group>"; };
		52A4DF201A12D982000DD17F /* WebViewViewController.m */ = {isa = PBXFileReference; fileEncoding = 4; lastKnownFileType = sourcecode.c.objc; path = WebViewViewController.m; sourceTree = "<group>"; };
		52B859381A12C1F50004C60C /* QuestionCell.h */ = {isa = PBXFileReference; fileEncoding = 4; lastKnownFileType = sourcecode.c.h; path = QuestionCell.h; sourceTree = "<group>"; };
		52B859391A12C1F50004C60C /* QuestionCell.m */ = {isa = PBXFileReference; fileEncoding = 4; lastKnownFileType = sourcecode.c.objc; path = QuestionCell.m; sourceTree = "<group>"; };
		52B8593A1A12C1F50004C60C /* QuestionCell.xib */ = {isa = PBXFileReference; fileEncoding = 4; lastKnownFileType = file.xib; path = QuestionCell.xib; sourceTree = "<group>"; };
		52BC76C41A1169FD001AF99F /* StackOverflowClient.app */ = {isa = PBXFileReference; explicitFileType = wrapper.application; includeInIndex = 0; path = StackOverflowClient.app; sourceTree = BUILT_PRODUCTS_DIR; };
		52BC76C81A1169FD001AF99F /* Info.plist */ = {isa = PBXFileReference; lastKnownFileType = text.plist.xml; path = Info.plist; sourceTree = "<group>"; };
		52BC76C91A1169FD001AF99F /* main.m */ = {isa = PBXFileReference; lastKnownFileType = sourcecode.c.objc; path = main.m; sourceTree = "<group>"; };
		52BC76CB1A1169FD001AF99F /* AppDelegate.h */ = {isa = PBXFileReference; lastKnownFileType = sourcecode.c.h; path = AppDelegate.h; sourceTree = "<group>"; };
		52BC76CC1A1169FD001AF99F /* AppDelegate.m */ = {isa = PBXFileReference; lastKnownFileType = sourcecode.c.objc; path = AppDelegate.m; sourceTree = "<group>"; };
		52BC76CF1A1169FD001AF99F /* StackOverflowClient.xcdatamodel */ = {isa = PBXFileReference; lastKnownFileType = wrapper.xcdatamodel; path = StackOverflowClient.xcdatamodel; sourceTree = "<group>"; };
		52BC76D11A1169FD001AF99F /* ViewController.h */ = {isa = PBXFileReference; lastKnownFileType = sourcecode.c.h; path = ViewController.h; sourceTree = "<group>"; };
		52BC76D21A1169FD001AF99F /* ViewController.m */ = {isa = PBXFileReference; lastKnownFileType = sourcecode.c.objc; path = ViewController.m; sourceTree = "<group>"; };
		52BC76D51A1169FD001AF99F /* Base */ = {isa = PBXFileReference; lastKnownFileType = file.storyboard; name = Base; path = Base.lproj/Main.storyboard; sourceTree = "<group>"; };
		52BC76D71A1169FD001AF99F /* Images.xcassets */ = {isa = PBXFileReference; lastKnownFileType = folder.assetcatalog; path = Images.xcassets; sourceTree = "<group>"; };
		52BC76DA1A1169FD001AF99F /* Base */ = {isa = PBXFileReference; lastKnownFileType = file.xib; name = Base; path = Base.lproj/LaunchScreen.xib; sourceTree = "<group>"; };
		52BC76E01A1169FD001AF99F /* StackOverflowClientTests.xctest */ = {isa = PBXFileReference; explicitFileType = wrapper.cfbundle; includeInIndex = 0; path = StackOverflowClientTests.xctest; sourceTree = BUILT_PRODUCTS_DIR; };
		52BC76E51A1169FD001AF99F /* Info.plist */ = {isa = PBXFileReference; lastKnownFileType = text.plist.xml; path = Info.plist; sourceTree = "<group>"; };
		52BC76E61A1169FD001AF99F /* StackOverflowClientTests.m */ = {isa = PBXFileReference; lastKnownFileType = sourcecode.c.objc; path = StackOverflowClientTests.m; sourceTree = "<group>"; };
		52BC76F51A117611001AF99F /* SplitContainerViewController.h */ = {isa = PBXFileReference; fileEncoding = 4; lastKnownFileType = sourcecode.c.h; path = SplitContainerViewController.h; sourceTree = "<group>"; };
		52BC76F61A117611001AF99F /* SplitContainerViewController.m */ = {isa = PBXFileReference; fileEncoding = 4; lastKnownFileType = sourcecode.c.objc; path = SplitContainerViewController.m; sourceTree = "<group>"; };
		52BC76F81A1179FE001AF99F /* RootViewController.h */ = {isa = PBXFileReference; fileEncoding = 4; lastKnownFileType = sourcecode.c.h; path = RootViewController.h; sourceTree = "<group>"; };
		52BC76F91A1179FE001AF99F /* RootViewController.m */ = {isa = PBXFileReference; fileEncoding = 4; lastKnownFileType = sourcecode.c.objc; path = RootViewController.m; sourceTree = "<group>"; };
		52BC76FB1A1181E5001AF99F /* QuestionSearchViewController.h */ = {isa = PBXFileReference; fileEncoding = 4; lastKnownFileType = sourcecode.c.h; path = QuestionSearchViewController.h; sourceTree = "<group>"; };
		52BC76FC1A1181E5001AF99F /* QuestionSearchViewController.m */ = {isa = PBXFileReference; fileEncoding = 4; lastKnownFileType = sourcecode.c.objc; path = QuestionSearchViewController.m; sourceTree = "<group>"; };
		52BC76FE1A118AA8001AF99F /* UserSearchViewController.h */ = {isa = PBXFileReference; fileEncoding = 4; lastKnownFileType = sourcecode.c.h; path = UserSearchViewController.h; sourceTree = "<group>"; };
		52BC76FF1A118AA8001AF99F /* UserSearchViewController.m */ = {isa = PBXFileReference; fileEncoding = 4; lastKnownFileType = sourcecode.c.objc; path = UserSearchViewController.m; sourceTree = "<group>"; };
		52BC77011A118CC7001AF99F /* NetworkController.h */ = {isa = PBXFileReference; fileEncoding = 4; lastKnownFileType = sourcecode.c.h; path = NetworkController.h; sourceTree = "<group>"; };
		52BC77021A118CC7001AF99F /* NetworkController.m */ = {isa = PBXFileReference; fileEncoding = 4; lastKnownFileType = sourcecode.c.objc; path = NetworkController.m; sourceTree = "<group>"; };
		52BC77041A1193F5001AF99F /* Question.h */ = {isa = PBXFileReference; fileEncoding = 4; lastKnownFileType = sourcecode.c.h; name = Question.h; path = ../Question.h; sourceTree = "<group>"; };
		52BC77051A1193F5001AF99F /* Question.m */ = {isa = PBXFileReference; fileEncoding = 4; lastKnownFileType = sourcecode.c.objc; name = Question.m; path = ../Question.m; sourceTree = "<group>"; };
		52BC77091A11943B001AF99F /* Question.JSON */ = {isa = PBXFileReference; fileEncoding = 4; lastKnownFileType = text.json; name = Question.JSON; path = ../Question.JSON; sourceTree = "<group>"; };
		52BC770B1A119B1B001AF99F /* User.h */ = {isa = PBXFileReference; fileEncoding = 4; lastKnownFileType = sourcecode.c.h; name = User.h; path = ../User.h; sourceTree = "<group>"; };
		52BC770C1A119B1B001AF99F /* User.m */ = {isa = PBXFileReference; fileEncoding = 4; lastKnownFileType = sourcecode.c.objc; name = User.m; path = ../User.m; sourceTree = "<group>"; };
/* End PBXFileReference section */

/* Begin PBXFrameworksBuildPhase section */
		52BC76C11A1169FD001AF99F /* Frameworks */ = {
			isa = PBXFrameworksBuildPhase;
			buildActionMask = 2147483647;
			files = (
			);
			runOnlyForDeploymentPostprocessing = 0;
		};
		52BC76DD1A1169FD001AF99F /* Frameworks */ = {
			isa = PBXFrameworksBuildPhase;
			buildActionMask = 2147483647;
			files = (
			);
			runOnlyForDeploymentPostprocessing = 0;
		};
/* End PBXFrameworksBuildPhase section */

/* Begin PBXGroup section */
		52BC76BB1A1169FD001AF99F = {
			isa = PBXGroup;
			children = (
				52BC76C61A1169FD001AF99F /* StackOverflowClient */,
				52BC76E31A1169FD001AF99F /* StackOverflowClientTests */,
				52BC76C51A1169FD001AF99F /* Products */,
			);
			sourceTree = "<group>";
		};
		52BC76C51A1169FD001AF99F /* Products */ = {
			isa = PBXGroup;
			children = (
				52BC76C41A1169FD001AF99F /* StackOverflowClient.app */,
				52BC76E01A1169FD001AF99F /* StackOverflowClientTests.xctest */,
			);
			name = Products;
			sourceTree = "<group>";
		};
		52BC76C61A1169FD001AF99F /* StackOverflowClient */ = {
			isa = PBXGroup;
			children = (
				52BC76CB1A1169FD001AF99F /* AppDelegate.h */,
				52BC76CC1A1169FD001AF99F /* AppDelegate.m */,
				52BC77081A11940F001AF99F /* View Layer */,
				52BC77071A1193FC001AF99F /* Model Layer */,
				52BC76F41A11745D001AF99F /* Controller Layer */,
				52BC76CE1A1169FD001AF99F /* StackOverflowClient.xcdatamodeld */,
				52BC76C71A1169FD001AF99F /* Supporting Files */,
			);
			path = StackOverflowClient;
			sourceTree = "<group>";
		};
		52BC76C71A1169FD001AF99F /* Supporting Files */ = {
			isa = PBXGroup;
			children = (
				52BC76C81A1169FD001AF99F /* Info.plist */,
				52BC76C91A1169FD001AF99F /* main.m */,
			);
			name = "Supporting Files";
			sourceTree = "<group>";
		};
		52BC76E31A1169FD001AF99F /* StackOverflowClientTests */ = {
			isa = PBXGroup;
			children = (
				52BC76E61A1169FD001AF99F /* StackOverflowClientTests.m */,
				52BC76E41A1169FD001AF99F /* Supporting Files */,
			);
			path = StackOverflowClientTests;
			sourceTree = "<group>";
		};
		52BC76E41A1169FD001AF99F /* Supporting Files */ = {
			isa = PBXGroup;
			children = (
				52BC76E51A1169FD001AF99F /* Info.plist */,
			);
			name = "Supporting Files";
			sourceTree = "<group>";
		};
		52BC76F41A11745D001AF99F /* Controller Layer */ = {
			isa = PBXGroup;
			children = (
				528E66501A14222C00117A3F /* LoginViewController.h */,
				528E66511A14222C00117A3F /* LoginViewController.m */,
				528E660E1A13CDEF00117A3F /* WKWebViewController.h */,
				528E660F1A13CDEF00117A3F /* WKWebViewController.m */,
				52A4DF1F1A12D982000DD17F /* WebViewViewController.h */,
				52A4DF201A12D982000DD17F /* WebViewViewController.m */,
				52BC76D11A1169FD001AF99F /* ViewController.h */,
				52BC76D21A1169FD001AF99F /* ViewController.m */,
				52BC76F51A117611001AF99F /* SplitContainerViewController.h */,
				52BC76F61A117611001AF99F /* SplitContainerViewController.m */,
				52BC76F81A1179FE001AF99F /* RootViewController.h */,
				52BC76F91A1179FE001AF99F /* RootViewController.m */,
				52BC76FB1A1181E5001AF99F /* QuestionSearchViewController.h */,
				52BC76FC1A1181E5001AF99F /* QuestionSearchViewController.m */,
				52BC76FE1A118AA8001AF99F /* UserSearchViewController.h */,
				52BC76FF1A118AA8001AF99F /* UserSearchViewController.m */,
				52BC77011A118CC7001AF99F /* NetworkController.h */,
				52BC77021A118CC7001AF99F /* NetworkController.m */,
			);
			name = "Controller Layer";
			sourceTree = "<group>";
		};
		52BC77071A1193FC001AF99F /* Model Layer */ = {
			isa = PBXGroup;
			children = (
				528E660B1A13CA6800117A3F /* Constant.h */,
				528E660C1A13CA6800117A3F /* Constant.m */,
				52BC770B1A119B1B001AF99F /* User.h */,
				52BC770C1A119B1B001AF99F /* User.m */,
				52BC77091A11943B001AF99F /* Question.JSON */,
				52BC77041A1193F5001AF99F /* Question.h */,
				52BC77051A1193F5001AF99F /* Question.m */,
			);
			name = "Model Layer";
			sourceTree = "<group>";
		};
		52BC77081A11940F001AF99F /* View Layer */ = {
			isa = PBXGroup;
			children = (
				52BC76D41A1169FD001AF99F /* Main.storyboard */,
				52BC76D71A1169FD001AF99F /* Images.xcassets */,
				52BC76D91A1169FD001AF99F /* LaunchScreen.xib */,
				528E66521A14222C00117A3F /* LoginViewController.xib */,
				52B859381A12C1F50004C60C /* QuestionCell.h */,
				52B859391A12C1F50004C60C /* QuestionCell.m */,
				52B8593A1A12C1F50004C60C /* QuestionCell.xib */,
			);
			name = "View Layer";
			sourceTree = "<group>";
		};
/* End PBXGroup section */

/* Begin PBXNativeTarget section */
		52BC76C31A1169FD001AF99F /* StackOverflowClient */ = {
			isa = PBXNativeTarget;
			buildConfigurationList = 52BC76EA1A1169FD001AF99F /* Build configuration list for PBXNativeTarget "StackOverflowClient" */;
			buildPhases = (
				52BC76C01A1169FD001AF99F /* Sources */,
				52BC76C11A1169FD001AF99F /* Frameworks */,
				52BC76C21A1169FD001AF99F /* Resources */,
			);
			buildRules = (
			);
			dependencies = (
			);
			name = StackOverflowClient;
			productName = StackOverflowClient;
			productReference = 52BC76C41A1169FD001AF99F /* StackOverflowClient.app */;
			productType = "com.apple.product-type.application";
		};
		52BC76DF1A1169FD001AF99F /* StackOverflowClientTests */ = {
			isa = PBXNativeTarget;
			buildConfigurationList = 52BC76ED1A1169FD001AF99F /* Build configuration list for PBXNativeTarget "StackOverflowClientTests" */;
			buildPhases = (
				52BC76DC1A1169FD001AF99F /* Sources */,
				52BC76DD1A1169FD001AF99F /* Frameworks */,
				52BC76DE1A1169FD001AF99F /* Resources */,
			);
			buildRules = (
			);
			dependencies = (
				52BC76E21A1169FD001AF99F /* PBXTargetDependency */,
			);
			name = StackOverflowClientTests;
			productName = StackOverflowClientTests;
			productReference = 52BC76E01A1169FD001AF99F /* StackOverflowClientTests.xctest */;
			productType = "com.apple.product-type.bundle.unit-test";
		};
/* End PBXNativeTarget section */

/* Begin PBXProject section */
		52BC76BC1A1169FD001AF99F /* Project object */ = {
			isa = PBXProject;
			attributes = {
				LastUpgradeCheck = 0610;
				ORGANIZATIONNAME = "Sam Wong";
				TargetAttributes = {
					52BC76C31A1169FD001AF99F = {
						CreatedOnToolsVersion = 6.1;
					};
					52BC76DF1A1169FD001AF99F = {
						CreatedOnToolsVersion = 6.1;
						TestTargetID = 52BC76C31A1169FD001AF99F;
					};
				};
			};
			buildConfigurationList = 52BC76BF1A1169FD001AF99F /* Build configuration list for PBXProject "StackOverflowClient" */;
			compatibilityVersion = "Xcode 3.2";
			developmentRegion = English;
			hasScannedForEncodings = 0;
			knownRegions = (
				en,
				Base,
			);
			mainGroup = 52BC76BB1A1169FD001AF99F;
			productRefGroup = 52BC76C51A1169FD001AF99F /* Products */;
			projectDirPath = "";
			projectRoot = "";
			targets = (
				52BC76C31A1169FD001AF99F /* StackOverflowClient */,
				52BC76DF1A1169FD001AF99F /* StackOverflowClientTests */,
			);
		};
/* End PBXProject section */

/* Begin PBXResourcesBuildPhase section */
		52BC76C21A1169FD001AF99F /* Resources */ = {
			isa = PBXResourcesBuildPhase;
			buildActionMask = 2147483647;
			files = (
				52BC76D61A1169FD001AF99F /* Main.storyboard in Resources */,
				52BC770A1A11943B001AF99F /* Question.JSON in Resources */,
				52B8593C1A12C1F50004C60C /* QuestionCell.xib in Resources */,
				52BC76DB1A1169FD001AF99F /* LaunchScreen.xib in Resources */,
				528E66541A14222C00117A3F /* LoginViewController.xib in Resources */,
				52BC76D81A1169FD001AF99F /* Images.xcassets in Resources */,
			);
			runOnlyForDeploymentPostprocessing = 0;
		};
		52BC76DE1A1169FD001AF99F /* Resources */ = {
			isa = PBXResourcesBuildPhase;
			buildActionMask = 2147483647;
			files = (
			);
			runOnlyForDeploymentPostprocessing = 0;
		};
/* End PBXResourcesBuildPhase section */

/* Begin PBXSourcesBuildPhase section */
		52BC76C01A1169FD001AF99F /* Sources */ = {
			isa = PBXSourcesBuildPhase;
			buildActionMask = 2147483647;
			files = (
				52BC76CD1A1169FD001AF99F /* AppDelegate.m in Sources */,
				52BC76FA1A1179FE001AF99F /* RootViewController.m in Sources */,
				52A4DF211A12D982000DD17F /* WebViewViewController.m in Sources */,
				52BC77001A118AA8001AF99F /* UserSearchViewController.m in Sources */,
				52BC76FD1A1181E5001AF99F /* QuestionSearchViewController.m in Sources */,
				528E66101A13CDEF00117A3F /* WKWebViewController.m in Sources */,
				52BC76F71A117611001AF99F /* SplitContainerViewController.m in Sources */,
				52B8593B1A12C1F50004C60C /* QuestionCell.m in Sources */,
				52BC76CA1A1169FD001AF99F /* main.m in Sources */,
				52BC770D1A119B1B001AF99F /* User.m in Sources */,
				528E660D1A13CA6800117A3F /* Constant.m in Sources */,
				52BC76D31A1169FD001AF99F /* ViewController.m in Sources */,
				528E66531A14222C00117A3F /* LoginViewController.m in Sources */,
				52BC77061A1193F5001AF99F /* Question.m in Sources */,
				52BC77031A118CC7001AF99F /* NetworkController.m in Sources */,
				52BC76D01A1169FD001AF99F /* StackOverflowClient.xcdatamodeld in Sources */,
			);
			runOnlyForDeploymentPostprocessing = 0;
		};
		52BC76DC1A1169FD001AF99F /* Sources */ = {
			isa = PBXSourcesBuildPhase;
			buildActionMask = 2147483647;
			files = (
				52BC76E71A1169FD001AF99F /* StackOverflowClientTests.m in Sources */,
			);
			runOnlyForDeploymentPostprocessing = 0;
		};
/* End PBXSourcesBuildPhase section */

/* Begin PBXTargetDependency section */
		52BC76E21A1169FD001AF99F /* PBXTargetDependency */ = {
			isa = PBXTargetDependency;
			target = 52BC76C31A1169FD001AF99F /* StackOverflowClient */;
			targetProxy = 52BC76E11A1169FD001AF99F /* PBXContainerItemProxy */;
		};
/* End PBXTargetDependency section */

/* Begin PBXVariantGroup section */
		52BC76D41A1169FD001AF99F /* Main.storyboard */ = {
			isa = PBXVariantGroup;
			children = (
				52BC76D51A1169FD001AF99F /* Base */,
			);
			name = Main.storyboard;
			sourceTree = "<group>";
		};
		52BC76D91A1169FD001AF99F /* LaunchScreen.xib */ = {
			isa = PBXVariantGroup;
			children = (
				52BC76DA1A1169FD001AF99F /* Base */,
			);
			name = LaunchScreen.xib;
			sourceTree = "<group>";
		};
/* End PBXVariantGroup section */

/* Begin XCBuildConfiguration section */
		52BC76E81A1169FD001AF99F /* Debug */ = {
			isa = XCBuildConfiguration;
			buildSettings = {
				ALWAYS_SEARCH_USER_PATHS = NO;
				CLANG_CXX_LANGUAGE_STANDARD = "gnu++0x";
				CLANG_CXX_LIBRARY = "libc++";
				CLANG_ENABLE_MODULES = YES;
				CLANG_ENABLE_OBJC_ARC = YES;
				CLANG_WARN_BOOL_CONVERSION = YES;
				CLANG_WARN_CONSTANT_CONVERSION = YES;
				CLANG_WARN_DIRECT_OBJC_ISA_USAGE = YES_ERROR;
				CLANG_WARN_EMPTY_BODY = YES;
				CLANG_WARN_ENUM_CONVERSION = YES;
				CLANG_WARN_INT_CONVERSION = YES;
				CLANG_WARN_OBJC_ROOT_CLASS = YES_ERROR;
				CLANG_WARN_UNREACHABLE_CODE = YES;
				CLANG_WARN__DUPLICATE_METHOD_MATCH = YES;
				"CODE_SIGN_IDENTITY[sdk=iphoneos*]" = "iPhone Developer";
				COPY_PHASE_STRIP = NO;
				ENABLE_STRICT_OBJC_MSGSEND = YES;
				GCC_C_LANGUAGE_STANDARD = gnu99;
				GCC_DYNAMIC_NO_PIC = NO;
				GCC_OPTIMIZATION_LEVEL = 0;
				GCC_PREPROCESSOR_DEFINITIONS = (
					"DEBUG=1",
					"$(inherited)",
				);
				GCC_SYMBOLS_PRIVATE_EXTERN = NO;
				GCC_WARN_64_TO_32_BIT_CONVERSION = YES;
				GCC_WARN_ABOUT_RETURN_TYPE = YES_ERROR;
				GCC_WARN_UNDECLARED_SELECTOR = YES;
				GCC_WARN_UNINITIALIZED_AUTOS = YES_AGGRESSIVE;
				GCC_WARN_UNUSED_FUNCTION = YES;
				GCC_WARN_UNUSED_VARIABLE = YES;
				IPHONEOS_DEPLOYMENT_TARGET = 8.1;
				MTL_ENABLE_DEBUG_INFO = YES;
				ONLY_ACTIVE_ARCH = YES;
				SDKROOT = iphoneos;
				TARGETED_DEVICE_FAMILY = "1,2";
			};
			name = Debug;
		};
		52BC76E91A1169FD001AF99F /* Release */ = {
			isa = XCBuildConfiguration;
			buildSettings = {
				ALWAYS_SEARCH_USER_PATHS = NO;
				CLANG_CXX_LANGUAGE_STANDARD = "gnu++0x";
				CLANG_CXX_LIBRARY = "libc++";
				CLANG_ENABLE_MODULES = YES;
				CLANG_ENABLE_OBJC_ARC = YES;
				CLANG_WARN_BOOL_CONVERSION = YES;
				CLANG_WARN_CONSTANT_CONVERSION = YES;
				CLANG_WARN_DIRECT_OBJC_ISA_USAGE = YES_ERROR;
				CLANG_WARN_EMPTY_BODY = YES;
				CLANG_WARN_ENUM_CONVERSION = YES;
				CLANG_WARN_INT_CONVERSION = YES;
				CLANG_WARN_OBJC_ROOT_CLASS = YES_ERROR;
				CLANG_WARN_UNREACHABLE_CODE = YES;
				CLANG_WARN__DUPLICATE_METHOD_MATCH = YES;
				"CODE_SIGN_IDENTITY[sdk=iphoneos*]" = "iPhone Developer";
				COPY_PHASE_STRIP = YES;
				ENABLE_NS_ASSERTIONS = NO;
				ENABLE_STRICT_OBJC_MSGSEND = YES;
				GCC_C_LANGUAGE_STANDARD = gnu99;
				GCC_WARN_64_TO_32_BIT_CONVERSION = YES;
				GCC_WARN_ABOUT_RETURN_TYPE = YES_ERROR;
				GCC_WARN_UNDECLARED_SELECTOR = YES;
				GCC_WARN_UNINITIALIZED_AUTOS = YES_AGGRESSIVE;
				GCC_WARN_UNUSED_FUNCTION = YES;
				GCC_WARN_UNUSED_VARIABLE = YES;
				IPHONEOS_DEPLOYMENT_TARGET = 8.1;
				MTL_ENABLE_DEBUG_INFO = NO;
				SDKROOT = iphoneos;
				TARGETED_DEVICE_FAMILY = "1,2";
				VALIDATE_PRODUCT = YES;
			};
			name = Release;
		};
		52BC76EB1A1169FD001AF99F /* Debug */ = {
			isa = XCBuildConfiguration;
			buildSettings = {
				ASSETCATALOG_COMPILER_APPICON_NAME = AppIcon;
				INFOPLIST_FILE = StackOverflowClient/Info.plist;
				LD_RUNPATH_SEARCH_PATHS = "$(inherited) @executable_path/Frameworks";
				PRODUCT_NAME = "$(TARGET_NAME)";
			};
			name = Debug;
		};
		52BC76EC1A1169FD001AF99F /* Release */ = {
			isa = XCBuildConfiguration;
			buildSettings = {
				ASSETCATALOG_COMPILER_APPICON_NAME = AppIcon;
				INFOPLIST_FILE = StackOverflowClient/Info.plist;
				LD_RUNPATH_SEARCH_PATHS = "$(inherited) @executable_path/Frameworks";
				PRODUCT_NAME = "$(TARGET_NAME)";
			};
			name = Release;
		};
		52BC76EE1A1169FD001AF99F /* Debug */ = {
			isa = XCBuildConfiguration;
			buildSettings = {
				BUNDLE_LOADER = "$(TEST_HOST)";
				FRAMEWORK_SEARCH_PATHS = (
					"$(SDKROOT)/Developer/Library/Frameworks",
					"$(inherited)",
				);
				GCC_PREPROCESSOR_DEFINITIONS = (
					"DEBUG=1",
					"$(inherited)",
				);
				INFOPLIST_FILE = StackOverflowClientTests/Info.plist;
				LD_RUNPATH_SEARCH_PATHS = "$(inherited) @executable_path/Frameworks @loader_path/Frameworks";
				PRODUCT_NAME = "$(TARGET_NAME)";
				TEST_HOST = "$(BUILT_PRODUCTS_DIR)/StackOverflowClient.app/StackOverflowClient";
			};
			name = Debug;
		};
		52BC76EF1A1169FD001AF99F /* Release */ = {
			isa = XCBuildConfiguration;
			buildSettings = {
				BUNDLE_LOADER = "$(TEST_HOST)";
				FRAMEWORK_SEARCH_PATHS = (
					"$(SDKROOT)/Developer/Library/Frameworks",
					"$(inherited)",
				);
				INFOPLIST_FILE = StackOverflowClientTests/Info.plist;
				LD_RUNPATH_SEARCH_PATHS = "$(inherited) @executable_path/Frameworks @loader_path/Frameworks";
				PRODUCT_NAME = "$(TARGET_NAME)";
				TEST_HOST = "$(BUILT_PRODUCTS_DIR)/StackOverflowClient.app/StackOverflowClient";
			};
			name = Release;
		};
/* End XCBuildConfiguration section */

/* Begin XCConfigurationList section */
		52BC76BF1A1169FD001AF99F /* Build configuration list for PBXProject "StackOverflowClient" */ = {
			isa = XCConfigurationList;
			buildConfigurations = (
				52BC76E81A1169FD001AF99F /* Debug */,
				52BC76E91A1169FD001AF99F /* Release */,
			);
			defaultConfigurationIsVisible = 0;
			defaultConfigurationName = Release;
		};
		52BC76EA1A1169FD001AF99F /* Build configuration list for PBXNativeTarget "StackOverflowClient" */ = {
			isa = XCConfigurationList;
			buildConfigurations = (
				52BC76EB1A1169FD001AF99F /* Debug */,
				52BC76EC1A1169FD001AF99F /* Release */,
			);
			defaultConfigurationIsVisible = 0;
			defaultConfigurationName = Release;
		};
		52BC76ED1A1169FD001AF99F /* Build configuration list for PBXNativeTarget "StackOverflowClientTests" */ = {
			isa = XCConfigurationList;
			buildConfigurations = (
				52BC76EE1A1169FD001AF99F /* Debug */,
				52BC76EF1A1169FD001AF99F /* Release */,
			);
			defaultConfigurationIsVisible = 0;
			defaultConfigurationName = Release;
		};
/* End XCConfigurationList section */

/* Begin XCVersionGroup section */
		52BC76CE1A1169FD001AF99F /* StackOverflowClient.xcdatamodeld */ = {
			isa = XCVersionGroup;
			children = (
				52BC76CF1A1169FD001AF99F /* StackOverflowClient.xcdatamodel */,
			);
			currentVersion = 52BC76CF1A1169FD001AF99F /* StackOverflowClient.xcdatamodel */;
			path = StackOverflowClient.xcdatamodeld;
			sourceTree = "<group>";
			versionGroupType = wrapper.xcdatamodel;
		};
/* End XCVersionGroup section */
	};
	rootObject = 52BC76BC1A1169FD001AF99F /* Project object */;
}
